
Microsoft Visual Studio Solution File, Format Version 12.00
# Visual Studio 15
VisualStudioVersion = 15.0.28307.102
MinimumVisualStudioVersion = 10.0.40219.1
Project("{FAE04EC0-301F-11D3-BF4B-00C04F79EFBC}") = "DIContainer", "DIContainer\DIContainer.csproj", "{8A513D4E-F2CB-4315-BD23-126014EBB552}"
EndProject
Project("{FAE04EC0-301F-11D3-BF4B-00C04F79EFBC}") = "DIContainerUnitTest", "DIContainerUnitTest\DIContainerUnitTest.csproj", "{2353CAE5-9016-431F-8546-6D04EDFA224A}"
EndProject
Global
	GlobalSection(SolutionConfigurationPlatforms) = preSolution
		Debug|Any CPU = Debug|Any CPU
		Release|Any CPU = Release|Any CPU
	EndGlobalSection
	GlobalSection(ProjectConfigurationPlatforms) = postSolution
		{8A513D4E-F2CB-4315-BD23-126014EBB552}.Debug|Any CPU.ActiveCfg = Debug|Any CPU
		{8A513D4E-F2CB-4315-BD23-126014EBB552}.Debug|Any CPU.Build.0 = Debug|Any CPU
		{8A513D4E-F2CB-4315-BD23-126014EBB552}.Release|Any CPU.ActiveCfg = Release|Any CPU
		{8A513D4E-F2CB-4315-BD23-126014EBB552}.Release|Any CPU.Build.0 = Release|Any CPU
		{2353CAE5-9016-431F-8546-6D04EDFA224A}.Debug|Any CPU.ActiveCfg = Debug|Any CPU
		{2353CAE5-9016-431F-8546-6D04EDFA224A}.Debug|Any CPU.Build.0 = Debug|Any CPU
		{2353CAE5-9016-431F-8546-6D04EDFA224A}.Release|Any CPU.ActiveCfg = Release|Any CPU
		{2353CAE5-9016-431F-8546-6D04EDFA224A}.Release|Any CPU.Build.0 = Release|Any CPU
	EndGlobalSection
	GlobalSection(SolutionProperties) = preSolution
		HideSolutionNode = FALSE
	EndGlobalSection
	GlobalSection(ExtensibilityGlobals) = postSolution
		SolutionGuid = {47B2DDE4-2E4E-4DAE-8018-10DED4480A4C}
	EndGlobalSection
EndGlobal
